
Microsoft Visual Studio Solution File, Format Version 12.00
# Visual Studio Version 16
VisualStudioVersion = 16.0.29519.87
MinimumVisualStudioVersion = 10.0.40219.1
Project("{9A19103F-16F7-4668-BE54-9A1E7A4F7556}") = "Persistence", "Persistence\Persistence.csproj", "{84588F14-C195-4C3F-A04A-60D39FFECB80}"
EndProject
Project("{9A19103F-16F7-4668-BE54-9A1E7A4F7556}") = "Model", "Model\Model.csproj", "{79A1C634-246D-473C-B522-AD6FC63DDCE2}"
EndProject
Project("{9A19103F-16F7-4668-BE54-9A1E7A4F7556}") = "API", "API\API.csproj", "{FB7DAB9D-3535-4304-B9A9-45CBF940E3D4}"
	ProjectSection(ProjectDependencies) = postProject
		{79A1C634-246D-473C-B522-AD6FC63DDCE2} = {79A1C634-246D-473C-B522-AD6FC63DDCE2}
	EndProjectSection
EndProject
Project("{FAE04EC0-301F-11D3-BF4B-00C04F79EFBC}") = "Infrastructure", "Infrastructure\Infrastructure.csproj", "{332D462B-7FD6-4E40-B7AC-9768692F0FDC}"
	ProjectSection(ProjectDependencies) = postProject
		{84588F14-C195-4C3F-A04A-60D39FFECB80} = {84588F14-C195-4C3F-A04A-60D39FFECB80}
		{79A1C634-246D-473C-B522-AD6FC63DDCE2} = {79A1C634-246D-473C-B522-AD6FC63DDCE2}
	EndProjectSection
EndProject
Global
	GlobalSection(SolutionConfigurationPlatforms) = preSolution
		Debug|Any CPU = Debug|Any CPU
		Release|Any CPU = Release|Any CPU
	EndGlobalSection
	GlobalSection(ProjectConfigurationPlatforms) = postSolution
		{84588F14-C195-4C3F-A04A-60D39FFECB80}.Debug|Any CPU.ActiveCfg = Debug|Any CPU
		{84588F14-C195-4C3F-A04A-60D39FFECB80}.Debug|Any CPU.Build.0 = Debug|Any CPU
		{84588F14-C195-4C3F-A04A-60D39FFECB80}.Release|Any CPU.ActiveCfg = Release|Any CPU
		{84588F14-C195-4C3F-A04A-60D39FFECB80}.Release|Any CPU.Build.0 = Release|Any CPU
		{79A1C634-246D-473C-B522-AD6FC63DDCE2}.Debug|Any CPU.ActiveCfg = Debug|Any CPU
		{79A1C634-246D-473C-B522-AD6FC63DDCE2}.Debug|Any CPU.Build.0 = Debug|Any CPU
		{79A1C634-246D-473C-B522-AD6FC63DDCE2}.Release|Any CPU.ActiveCfg = Release|Any CPU
		{79A1C634-246D-473C-B522-AD6FC63DDCE2}.Release|Any CPU.Build.0 = Release|Any CPU
		{FB7DAB9D-3535-4304-B9A9-45CBF940E3D4}.Debug|Any CPU.ActiveCfg = Debug|Any CPU
		{FB7DAB9D-3535-4304-B9A9-45CBF940E3D4}.Debug|Any CPU.Build.0 = Debug|Any CPU
		{FB7DAB9D-3535-4304-B9A9-45CBF940E3D4}.Release|Any CPU.ActiveCfg = Release|Any CPU
		{FB7DAB9D-3535-4304-B9A9-45CBF940E3D4}.Release|Any CPU.Build.0 = Release|Any CPU
		{332D462B-7FD6-4E40-B7AC-9768692F0FDC}.Debug|Any CPU.ActiveCfg = Debug|Any CPU
		{332D462B-7FD6-4E40-B7AC-9768692F0FDC}.Debug|Any CPU.Build.0 = Debug|Any CPU
		{332D462B-7FD6-4E40-B7AC-9768692F0FDC}.Release|Any CPU.ActiveCfg = Release|Any CPU
		{332D462B-7FD6-4E40-B7AC-9768692F0FDC}.Release|Any CPU.Build.0 = Release|Any CPU
	EndGlobalSection
	GlobalSection(SolutionProperties) = preSolution
		HideSolutionNode = FALSE
	EndGlobalSection
	GlobalSection(ExtensibilityGlobals) = postSolution
		SolutionGuid = {EFEC0B8F-FBEB-41E9-851E-235FF98E0961}
	EndGlobalSection
EndGlobal
